// !$*UTF8*$!
{
	archiveVersion = 1;
	classes = {
	};
	objectVersion = 48;
	objects = {

/* Begin PBXBuildFile section */
		F3D3BF8A1F913045006BAAC5 /* AppDelegate.swift in Sources */ = {isa = PBXBuildFile; fileRef = F3D3BF891F913045006BAAC5 /* AppDelegate.swift */; };
		F3D3BF8C1F913045006BAAC5 /* ViewController.swift in Sources */ = {isa = PBXBuildFile; fileRef = F3D3BF8B1F913045006BAAC5 /* ViewController.swift */; };
		F3D3BF8F1F913045006BAAC5 /* Main.storyboard in Resources */ = {isa = PBXBuildFile; fileRef = F3D3BF8D1F913045006BAAC5 /* Main.storyboard */; };
		F3D3BF921F913045006BAAC5 /* Fais_le_.xcdatamodeld in Sources */ = {isa = PBXBuildFile; fileRef = F3D3BF901F913045006BAAC5 /* Fais_le_.xcdatamodeld */; };
		F3D3BF941F913045006BAAC5 /* Assets.xcassets in Resources */ = {isa = PBXBuildFile; fileRef = F3D3BF931F913045006BAAC5 /* Assets.xcassets */; };
		F3D3BF971F913045006BAAC5 /* LaunchScreen.storyboard in Resources */ = {isa = PBXBuildFile; fileRef = F3D3BF951F913045006BAAC5 /* LaunchScreen.storyboard */; };
/* End PBXBuildFile section */

/* Begin PBXFileReference section */
		F3D3BF861F913045006BAAC5 /* Fais le!.app */ = {isa = PBXFileReference; explicitFileType = wrapper.application; includeInIndex = 0; path = "Fais le!.app"; sourceTree = BUILT_PRODUCTS_DIR; };
		F3D3BF891F913045006BAAC5 /* AppDelegate.swift */ = {isa = PBXFileReference; lastKnownFileType = sourcecode.swift; path = AppDelegate.swift; sourceTree = "<group>"; };
		F3D3BF8B1F913045006BAAC5 /* ViewController.swift */ = {isa = PBXFileReference; lastKnownFileType = sourcecode.swift; path = ViewController.swift; sourceTree = "<group>"; };
		F3D3BF8E1F913045006BAAC5 /* Base */ = {isa = PBXFileReference; lastKnownFileType = file.storyboard; name = Base; path = Base.lproj/Main.storyboard; sourceTree = "<group>"; };
		F3D3BF911F913045006BAAC5 /* Fais_le_.xcdatamodel */ = {isa = PBXFileReference; lastKnownFileType = wrapper.xcdatamodel; path = Fais_le_.xcdatamodel; sourceTree = "<group>"; };
		F3D3BF931F913045006BAAC5 /* Assets.xcassets */ = {isa = PBXFileReference; lastKnownFileType = folder.assetcatalog; path = Assets.xcassets; sourceTree = "<group>"; };
		F3D3BF961F913045006BAAC5 /* Base */ = {isa = PBXFileReference; lastKnownFileType = file.storyboard; name = Base; path = Base.lproj/LaunchScreen.storyboard; sourceTree = "<group>"; };
		F3D3BF981F913045006BAAC5 /* Info.plist */ = {isa = PBXFileReference; lastKnownFileType = text.plist.xml; path = Info.plist; sourceTree = "<group>"; };
/* End PBXFileReference section */

/* Begin PBXFrameworksBuildPhase section */
		F3D3BF831F913045006BAAC5 /* Frameworks */ = {
			isa = PBXFrameworksBuildPhase;
			buildActionMask = 2147483647;
			files = (
			);
			runOnlyForDeploymentPostprocessing = 0;
		};
/* End PBXFrameworksBuildPhase section */

/* Begin PBXGroup section */
		F3D3BF7D1F913045006BAAC5 = {
			isa = PBXGroup;
			children = (
				F3D3BF881F913045006BAAC5 /* Fais le! */,
				F3D3BF871F913045006BAAC5 /* Products */,
			);
			sourceTree = "<group>";
		};
		F3D3BF871F913045006BAAC5 /* Products */ = {
			isa = PBXGroup;
			children = (
				F3D3BF861F913045006BAAC5 /* Fais le!.app */,
			);
			name = Products;
			sourceTree = "<group>";
		};
		F3D3BF881F913045006BAAC5 /* Fais le! */ = {
			isa = PBXGroup;
			children = (
				F3D3BF891F913045006BAAC5 /* AppDelegate.swift */,
				F3D3BF8B1F913045006BAAC5 /* ViewController.swift */,
				F3D3BF8D1F913045006BAAC5 /* Main.storyboard */,
				F3D3BF931F913045006BAAC5 /* Assets.xcassets */,
				F3D3BF951F913045006BAAC5 /* LaunchScreen.storyboard */,
				F3D3BF981F913045006BAAC5 /* Info.plist */,
				F3D3BF901F913045006BAAC5 /* Fais_le_.xcdatamodeld */,
			);
			path = "Fais le!";
			sourceTree = "<group>";
		};
/* End PBXGroup section */

/* Begin PBXNativeTarget section */
		F3D3BF851F913045006BAAC5 /* Fais le! */ = {
			isa = PBXNativeTarget;
			buildConfigurationList = F3D3BF9B1F913045006BAAC5 /* Build configuration list for PBXNativeTarget "Fais le!" */;
			buildPhases = (
				F3D3BF821F913045006BAAC5 /* Sources */,
				F3D3BF831F913045006BAAC5 /* Frameworks */,
				F3D3BF841F913045006BAAC5 /* Resources */,
			);
			buildRules = (
			);
			dependencies = (
			);
			name = "Fais le!";
			productName = "Fais le!";
			productReference = F3D3BF861F913045006BAAC5 /* Fais le!.app */;
			productType = "com.apple.product-type.application";
		};
/* End PBXNativeTarget section */

/* Begin PBXProject section */
		F3D3BF7E1F913045006BAAC5 /* Project object */ = {
			isa = PBXProject;
			attributes = {
				LastSwiftUpdateCheck = 0900;
				LastUpgradeCheck = 0900;
				ORGANIZATIONNAME = "Greg Coulter";
				TargetAttributes = {
					F3D3BF851F913045006BAAC5 = {
						CreatedOnToolsVersion = 9.0;
						ProvisioningStyle = Automatic;
					};
				};
			};
			buildConfigurationList = F3D3BF811F913045006BAAC5 /* Build configuration list for PBXProject "Fais le!" */;
			compatibilityVersion = "Xcode 8.0";
			developmentRegion = en;
			hasScannedForEncodings = 0;
			knownRegions = (
				en,
				Base,
			);
			mainGroup = F3D3BF7D1F913045006BAAC5;
			productRefGroup = F3D3BF871F913045006BAAC5 /* Products */;
			projectDirPath = "";
			projectRoot = "";
			targets = (
				F3D3BF851F913045006BAAC5 /* Fais le! */,
			);
		};
/* End PBXProject section */

/* Begin PBXResourcesBuildPhase section */
		F3D3BF841F913045006BAAC5 /* Resources */ = {
			isa = PBXResourcesBuildPhase;
			buildActionMask = 2147483647;
			files = (
				F3D3BF971F913045006BAAC5 /* LaunchScreen.storyboard in Resources */,
				F3D3BF941F913045006BAAC5 /* Assets.xcassets in Resources */,
				F3D3BF8F1F913045006BAAC5 /* Main.storyboard in Resources */,
			);
			runOnlyForDeploymentPostprocessing = 0;
		};
/* End PBXResourcesBuildPhase section */

/* Begin PBXSourcesBuildPhase section */
		F3D3BF821F913045006BAAC5 /* Sources */ = {
			isa = PBXSourcesBuildPhase;
			buildActionMask = 2147483647;
			files = (
				F3D3BF8C1F913045006BAAC5 /* ViewController.swift in Sources */,
				F3D3BF921F913045006BAAC5 /* Fais_le_.xcdatamodeld in Sources */,
				F3D3BF8A1F913045006BAAC5 /* AppDelegate.swift in Sources */,
			);
			runOnlyForDeploymentPostprocessing = 0;
		};
/* End PBXSourcesBuildPhase section */

/* Begin PBXVariantGroup section */
		F3D3BF8D1F913045006BAAC5 /* Main.storyboard */ = {
			isa = PBXVariantGroup;
			children = (
				F3D3BF8E1F913045006BAAC5 /* Base */,
			);
			name = Main.storyboard;
			sourceTree = "<group>";
		};
		F3D3BF951F913045006BAAC5 /* LaunchScreen.storyboard */ = {
			isa = PBXVariantGroup;
			children = (
				F3D3BF961F913045006BAAC5 /* Base */,
			);
			name = LaunchScreen.storyboard;
			sourceTree = "<group>";
		};
/* End PBXVariantGroup section */

/* Begin XCBuildConfiguration section */
		F3D3BF991F913045006BAAC5 /* Debug */ = {
			isa = XCBuildConfiguration;
			buildSettings = {
				ALWAYS_SEARCH_USER_PATHS = NO;
				CLANG_ANALYZER_NONNULL = YES;
				CLANG_ANALYZER_NUMBER_OBJECT_CONVERSION = YES_AGGRESSIVE;
				CLANG_CXX_LANGUAGE_STANDARD = "gnu++14";
				CLANG_CXX_LIBRARY = "libc++";
				CLANG_ENABLE_MODULES = YES;
				CLANG_ENABLE_OBJC_ARC = YES;
				CLANG_WARN_BLOCK_CAPTURE_AUTORELEASING = YES;
				CLANG_WARN_BOOL_CONVERSION = YES;
				CLANG_WARN_COMMA = YES;
				CLANG_WARN_CONSTANT_CONVERSION = YES;
				CLANG_WARN_DIRECT_OBJC_ISA_USAGE = YES_ERROR;
				CLANG_WARN_DOCUMENTATION_COMMENTS = YES;
				CLANG_WARN_EMPTY_BODY = YES;
				CLANG_WARN_ENUM_CONVERSION = YES;
				CLANG_WARN_INFINITE_RECURSION = YES;
				CLANG_WARN_INT_CONVERSION = YES;
				CLANG_WARN_NON_LITERAL_NULL_CONVERSION = YES;
				CLANG_WARN_OBJC_LITERAL_CONVERSION = YES;
				CLANG_WARN_OBJC_ROOT_CLASS = YES_ERROR;
				CLANG_WARN_RANGE_LOOP_ANALYSIS = YES;
				CLANG_WARN_STRICT_PROTOTYPES = YES;
				CLANG_WARN_SUSPICIOUS_MOVE = YES;
				CLANG_WARN_UNGUARDED_AVAILABILITY = YES_AGGRESSIVE;
				CLANG_WARN_UNREACHABLE_CODE = YES;
				CLANG_WARN__DUPLICATE_METHOD_MATCH = YES;
				CODE_SIGN_IDENTITY = "iPhone Developer";
				COPY_PHASE_STRIP = NO;
				DEBUG_INFORMATION_FORMAT = dwarf;
				ENABLE_STRICT_OBJC_MSGSEND = YES;
				ENABLE_TESTABILITY = YES;
				GCC_C_LANGUAGE_STANDARD = gnu11;
				GCC_DYNAMIC_NO_PIC = NO;
				GCC_NO_COMMON_BLOCKS = YES;
				GCC_OPTIMIZATION_LEVEL = 0;
				GCC_PREPROCESSOR_DEFINITIONS = (
					"DEBUG=1",
					"$(inherited)",
				);
				GCC_WARN_64_TO_32_BIT_CONVERSION = YES;
				GCC_WARN_ABOUT_RETURN_TYPE = YES_ERROR;
				GCC_WARN_UNDECLARED_SELECTOR = YES;
				GCC_WARN_UNINITIALIZED_AUTOS = YES_AGGRESSIVE;
				GCC_WARN_UNUSED_FUNCTION = YES;
				GCC_WARN_UNUSED_VARIABLE = YES;
				IPHONEOS_DEPLOYMENT_TARGET = 11.0;
				MTL_ENABLE_DEBUG_INFO = YES;
				ONLY_ACTIVE_ARCH = YES;
				SDKROOT = iphoneos;
				SWIFT_ACTIVE_COMPILATION_CONDITIONS = DEBUG;
				SWIFT_OPTIMIZATION_LEVEL = "-Onone";
			};
			name = Debug;
		};
		F3D3BF9A1F913045006BAAC5 /* Release */ = {
			isa = XCBuildConfiguration;
			buildSettings = {
				ALWAYS_SEARCH_USER_PATHS = NO;
				CLANG_ANALYZER_NONNULL = YES;
				CLANG_ANALYZER_NUMBER_OBJECT_CONVERSION = YES_AGGRESSIVE;
				CLANG_CXX_LANGUAGE_STANDARD = "gnu++14";
				CLANG_CXX_LIBRARY = "libc++";
				CLANG_ENABLE_MODULES = YES;
				CLANG_ENABLE_OBJC_ARC = YES;
				CLANG_WARN_BLOCK_CAPTURE_AUTORELEASING = YES;
				CLANG_WARN_BOOL_CONVERSION = YES;
				CLANG_WARN_COMMA = YES;
				CLANG_WARN_CONSTANT_CONVERSION = YES;
				CLANG_WARN_DIRECT_OBJC_ISA_USAGE = YES_ERROR;
				CLANG_WARN_DOCUMENTATION_COMMENTS = YES;
				CLANG_WARN_EMPTY_BODY = YES;
				CLANG_WARN_ENUM_CONVERSION = YES;
				CLANG_WARN_INFINITE_RECURSION = YES;
				CLANG_WARN_INT_CONVERSION = YES;
				CLANG_WARN_NON_LITERAL_NULL_CONVERSION = YES;
				CLANG_WARN_OBJC_LITERAL_CONVERSION = YES;
				CLANG_WARN_OBJC_ROOT_CLASS = YES_ERROR;
				CLANG_WARN_RANGE_LOOP_ANALYSIS = YES;
				CLANG_WARN_STRICT_PROTOTYPES = YES;
				CLANG_WARN_SUSPICIOUS_MOVE = YES;
				CLANG_WARN_UNGUARDED_AVAILABILITY = YES_AGGRESSIVE;
				CLANG_WARN_UNREACHABLE_CODE = YES;
				CLANG_WARN__DUPLICATE_METHOD_MATCH = YES;
				CODE_SIGN_IDENTITY = "iPhone Developer";
				COPY_PHASE_STRIP = NO;
				DEBUG_INFORMATION_FORMAT = "dwarf-with-dsym";
				ENABLE_NS_ASSERTIONS = NO;
				ENABLE_STRICT_OBJC_MSGSEND = YES;
				GCC_C_LANGUAGE_STANDARD = gnu11;
				GCC_NO_COMMON_BLOCKS = YES;
				GCC_WARN_64_TO_32_BIT_CONVERSION = YES;
				GCC_WARN_ABOUT_RETURN_TYPE = YES_ERROR;
				GCC_WARN_UNDECLARED_SELECTOR = YES;
				GCC_WARN_UNINITIALIZED_AUTOS = YES_AGGRESSIVE;
				GCC_WARN_UNUSED_FUNCTION = YES;
				GCC_WARN_UNUSED_VARIABLE = YES;
				IPHONEOS_DEPLOYMENT_TARGET = 11.0;
				MTL_ENABLE_DEBUG_INFO = NO;
				SDKROOT = iphoneos;
				SWIFT_OPTIMIZATION_LEVEL = "-Owholemodule";
				VALIDATE_PRODUCT = YES;
			};
			name = Release;
		};
		F3D3BF9C1F913045006BAAC5 /* Debug */ = {
			isa = XCBuildConfiguration;
			buildSettings = {
				ASSETCATALOG_COMPILER_APPICON_NAME = AppIcon;
				CODE_SIGN_STYLE = Automatic;
				DEVELOPMENT_TEAM = 9564F5663M;
				INFOPLIST_FILE = "Fais le!/Info.plist";
				LD_RUNPATH_SEARCH_PATHS = "$(inherited) @executable_path/Frameworks";
				PRODUCT_BUNDLE_IDENTIFIER = "temp.Fais-le-";
				PRODUCT_NAME = "$(TARGET_NAME)";
				SWIFT_VERSION = 4.0;
				TARGETED_DEVICE_FAMILY = "1,2";
			};
			name = Debug;
		};
		F3D3BF9D1F913045006BAAC5 /* Release */ = {
			isa = XCBuildConfiguration;
			buildSettings = {
				ASSETCATALOG_COMPILER_APPICON_NAME = AppIcon;
				CODE_SIGN_STYLE = Automatic;
				DEVELOPMENT_TEAM = 9564F5663M;
				INFOPLIST_FILE = "Fais le!/Info.plist";
				LD_RUNPATH_SEARCH_PATHS = "$(inherited) @executable_path/Frameworks";
				PRODUCT_BUNDLE_IDENTIFIER = "temp.Fais-le-";
				PRODUCT_NAME = "$(TARGET_NAME)";
				SWIFT_VERSION = 4.0;
				TARGETED_DEVICE_FAMILY = "1,2";
			};
			name = Release;
		};
/* End XCBuildConfiguration section */

/* Begin XCConfigurationList section */
		F3D3BF811F913045006BAAC5 /* Build configuration list for PBXProject "Fais le!" */ = {
			isa = XCConfigurationList;
			buildConfigurations = (
				F3D3BF991F913045006BAAC5 /* Debug */,
				F3D3BF9A1F913045006BAAC5 /* Release */,
			);
			defaultConfigurationIsVisible = 0;
			defaultConfigurationName = Release;
		};
		F3D3BF9B1F913045006BAAC5 /* Build configuration list for PBXNativeTarget "Fais le!" */ = {
			isa = XCConfigurationList;
			buildConfigurations = (
				F3D3BF9C1F913045006BAAC5 /* Debug */,
				F3D3BF9D1F913045006BAAC5 /* Release */,
			);
			defaultConfigurationIsVisible = 0;
			defaultConfigurationName = Release;
		};
/* End XCConfigurationList section */

/* Begin XCVersionGroup section */
		F3D3BF901F913045006BAAC5 /* Fais_le_.xcdatamodeld */ = {
			isa = XCVersionGroup;
			children = (
				F3D3BF911F913045006BAAC5 /* Fais_le_.xcdatamodel */,
			);
			currentVersion = F3D3BF911F913045006BAAC5 /* Fais_le_.xcdatamodel */;
			path = Fais_le_.xcdatamodeld;
			sourceTree = "<group>";
			versionGroupType = wrapper.xcdatamodel;
		};
/* End XCVersionGroup section */
	};
	rootObject = F3D3BF7E1F913045006BAAC5 /* Project object */;
}
